# This file is generated by running "yarn install" inside your project.
# Manual changes might be lost - proceed with caution!

__metadata:
  version: 4
  cacheKey: 7

"@octokit/auth-token@npm:^2.4.4":
  version: 2.4.5
  resolution: "@octokit/auth-token@npm:2.4.5"
  dependencies:
    "@octokit/types": ^6.0.3
  checksum: 4cd8ef3bc0b10b54c6547adfd33caefc59982d9948e1f2aaa5e7ae3909a5446f08f5db055932976fe7070005d5db4f5c82b0ae0288a25d410d4998eaa42f5edc
  languageName: node
  linkType: hard

"@octokit/core@npm:^3.2.3":
  version: 3.3.1
  resolution: "@octokit/core@npm:3.3.1"
  dependencies:
    "@octokit/auth-token": ^2.4.4
    "@octokit/graphql": ^4.5.8
    "@octokit/request": ^5.4.12
    "@octokit/request-error": ^2.0.5
    "@octokit/types": ^6.0.3
    before-after-hook: ^2.2.0
    universal-user-agent: ^6.0.0
  checksum: b4009fa670aa9a9b858083e23e8fe5cc76b1350bb66c05edda735b56c091b5735942915794a9f302e74e93526024afa4b3a0f431de79c41352aaf8ca83226677
  languageName: node
  linkType: hard

"@octokit/endpoint@npm:^6.0.1":
  version: 6.0.11
  resolution: "@octokit/endpoint@npm:6.0.11"
  dependencies:
    "@octokit/types": ^6.0.3
    is-plain-object: ^5.0.0
    universal-user-agent: ^6.0.0
  checksum: b2b0f6bb1d10490985dd3070c4fabc7eb7068dabb9242d6009e9be16795a9f0635c6e177a1eb93816efad27f926c0fa9e8ad839b09bcd59f8fb61ebd76d00b0e
  languageName: node
  linkType: hard

"@octokit/graphql@npm:^4.5.8":
  version: 4.6.1
  resolution: "@octokit/graphql@npm:4.6.1"
  dependencies:
    "@octokit/request": ^5.3.0
    "@octokit/types": ^6.0.3
    universal-user-agent: ^6.0.0
  checksum: bcac6e3d9011a89a776fc5dd775a9ec1ced8d65909074f40f81413adadd2909153c02dea68b82b2117e9af1cd8b820422c55949a078b37073205c97771918ae1
  languageName: node
  linkType: hard

"@octokit/openapi-types@npm:^5.3.2":
  version: 5.3.2
  resolution: "@octokit/openapi-types@npm:5.3.2"
  checksum: 5c5f2f2f6ea26192072b408b3e5ce8087d4eb256addda5ebcd2e58a0a94af49e135482c0e15768ee2998c329ed178d8f491b5d229bb2f283dede2389b0bb20c9
  languageName: node
  linkType: hard

"@octokit/plugin-paginate-rest@npm:^2.6.2":
  version: 2.13.3
  resolution: "@octokit/plugin-paginate-rest@npm:2.13.3"
  dependencies:
    "@octokit/types": ^6.11.0
  peerDependencies:
    "@octokit/core": ">=2"
  checksum: b2b7772f054798fbc821161736921a729de042b36e38afa98b79b4409c2b793035dee6dc32c5f3500a77b1bc7e220b716fd19ff49c5a4712a86f37e074dc53f9
  languageName: node
  linkType: hard

"@octokit/plugin-request-log@npm:^1.0.2":
  version: 1.0.3
  resolution: "@octokit/plugin-request-log@npm:1.0.3"
  peerDependencies:
    "@octokit/core": ">=3"
  checksum: f858361b36046c9b59a98898db3ae07e07fb1ca314c64155b8ccae306f01aa702216cbb74586e84c5c1ddcbc49bdf1d9819301f3acd5c7bc60057bb424cd3eb8
  languageName: node
  linkType: hard

"@octokit/plugin-rest-endpoint-methods@npm:4.13.5":
  version: 4.13.5
  resolution: "@octokit/plugin-rest-endpoint-methods@npm:4.13.5"
  dependencies:
    "@octokit/types": ^6.12.2
    deprecation: ^2.3.1
  peerDependencies:
    "@octokit/core": ">=3"
  checksum: 0c758acd10bb11da239a4f16c8d51b17623a170627064649e5a0a70e982549e0ef1268a2db0cf7d98c2122046648c9eff93296859301deaf82d198b0ab07ea3f
  languageName: node
  linkType: hard

"@octokit/request-error@npm:^2.0.0, @octokit/request-error@npm:^2.0.5":
  version: 2.0.5
  resolution: "@octokit/request-error@npm:2.0.5"
  dependencies:
    "@octokit/types": ^6.0.3
    deprecation: ^2.0.0
    once: ^1.4.0
  checksum: 0d3a3103a55188ddc533100de5654928610ee44a83a5043ca94374d10cce2e9c2069b4d9fba9384a8f12ad5c9770d58dccd6292f65b3f0403726e1de9fd849c1
  languageName: node
  linkType: hard

"@octokit/request@npm:^5.3.0, @octokit/request@npm:^5.4.12":
  version: 5.4.14
  resolution: "@octokit/request@npm:5.4.14"
  dependencies:
    "@octokit/endpoint": ^6.0.1
    "@octokit/request-error": ^2.0.0
    "@octokit/types": ^6.7.1
    deprecation: ^2.0.0
    is-plain-object: ^5.0.0
    node-fetch: ^2.6.1
    once: ^1.4.0
    universal-user-agent: ^6.0.0
  checksum: 06aa040100ec9e26f19df2e98a3495b075dd2fee02e02137d036e3202cab2d840e4455a852995c3df964bf2911cc969d5479020a65c48e63b96e5fa4b7a3115a
  languageName: node
  linkType: hard

"@octokit/rest@npm:^18.3.5":
  version: 18.3.5
  resolution: "@octokit/rest@npm:18.3.5"
  dependencies:
    "@octokit/core": ^3.2.3
    "@octokit/plugin-paginate-rest": ^2.6.2
    "@octokit/plugin-request-log": ^1.0.2
    "@octokit/plugin-rest-endpoint-methods": 4.13.5
  checksum: 833b054c222524cd144b999d4c631f8a4457f5835c2e8aae7da663717d76e46265211ceaec73deb50149a07dd5deb25fadd148a04f830d91491268f2288b69c3
  languageName: node
  linkType: hard

"@octokit/types@npm:^6.0.3, @octokit/types@npm:^6.11.0, @octokit/types@npm:^6.12.2, @octokit/types@npm:^6.7.1":
  version: 6.12.2
  resolution: "@octokit/types@npm:6.12.2"
  dependencies:
    "@octokit/openapi-types": ^5.3.2
  checksum: d96bb9fae7f71c849f952432ffbcecc5ce2d00c18044bfb8d993625b9c9852ad6a672f2c144ab198f4e6a3618c744bdc833158b7c02e810659b006736ab73ed5
  languageName: node
  linkType: hard

"arg@npm:^4.1.0":
  version: 4.1.3
  resolution: "arg@npm:4.1.3"
  checksum: 81b3b40b1529c4fbf75b12f7c3e6fb2dcce9e78072063babc169de9b4f40777788f3d2b04380f659ef676a756e03ccfbfe78adf4477353bda906295fa69dab89
  languageName: node
  linkType: hard

"before-after-hook@npm:^2.2.0":
  version: 2.2.0
  resolution: "before-after-hook@npm:2.2.0"
  checksum: 93e5f6532752d7136d871f4da57430cf61357a8fef81ee2c4981d9808483ddeb73a5f3d1c3eafcbb3ee079bdc0dc030cdc279ba3b793f0008fd86e30430f4787
  languageName: node
  linkType: hard

"buffer-from@npm:^1.0.0":
  version: 1.1.1
  resolution: "buffer-from@npm:1.1.1"
  checksum: 540ceb79c4f5bfcadaabbc18324fa84c50dc52905084be7c03596a339cf5a88513bee6831ce9b36ddd046fab09257a7c80686e129d0559a0cfd141da196ad956
  languageName: node
  linkType: hard

"create-require@npm:^1.1.0":
  version: 1.1.1
  resolution: "create-require@npm:1.1.1"
  checksum: babd307893abfb26d77ae11cb9d6b6cfa6d18c9cee435cf70b5a3fb44aa8d90c9ec26ea89cbb16e0a94b8d34f5fcaee164b90ed526cdd3158955673ab9652d01
  languageName: node
  linkType: hard

"deprecation@npm:^2.0.0, deprecation@npm:^2.3.1":
  version: 2.3.1
  resolution: "deprecation@npm:2.3.1"
  checksum: 59343a0b927c5b6f67abb899fda68bf42b132c05ef1a985952c1e220c41fe5035b2d54a28c7c2a8b5239075d1dc25c83340242ada75f1c06c1bb047176f05f9b
  languageName: node
  linkType: hard

"diff@npm:^4.0.1":
  version: 4.0.2
  resolution: "diff@npm:4.0.2"
  checksum: 81b5cd7ddde6f0ba2a532d434cfdca365aedd6cc62bb133e851e66e071d40382a30924a07c1034bd3d5a2e332146f64514b73c06fe2ebc0490a67f0c98da79fb
  languageName: node
  linkType: hard

"github-actions-stats@workspace:.":
  version: 0.0.0-use.local
  resolution: "github-actions-stats@workspace:."
  dependencies:
    "@octokit/rest": ^18.3.5
    ts-node: ^9.1.1
    typescript: ^4.2.3
  languageName: unknown
  linkType: soft

"is-plain-object@npm:^5.0.0":
  version: 5.0.0
  resolution: "is-plain-object@npm:5.0.0"
  checksum: 92bd87f095036fb6ef21fcba4e66734bba1457fc4abece5873bd1fba130c44fa8a4df64a2ef7841da638680af18e1ad2e5fac1095bed3578d0da0afc1f04bcf3
  languageName: node
  linkType: hard

"make-error@npm:^1.1.1":
  version: 1.3.6
  resolution: "make-error@npm:1.3.6"
  checksum: 2c780bab8409b865e8ee86697c599a2bf2765ec64d21eb67ccda27050e039f983feacad05a0d43aba3c966ea03d305d2612e94fec45474bcbc61181f57c5bb88
  languageName: node
  linkType: hard

"node-fetch@npm:^2.6.1":
  version: 2.6.1
  resolution: "node-fetch@npm:2.6.1"
  checksum: cbb171635e538162b977eac5dfe7a1e07a9a02e991924377a6435502291e2f823d306b95aabc455caebf4a118ccf836868462bc70ccc3095af02bb9da61fda37
  languageName: node
  linkType: hard

"once@npm:^1.4.0":
  version: 1.4.0
  resolution: "once@npm:1.4.0"
  dependencies:
    wrappy: 1
  checksum: 57afc246536cf6494437f982b26475f22bee860f8b77ce8eb1543f42a8bffe04b2c66ddfea9a16cb25ccb80943f8ee4fc639367ef97b7a6a4f2672eb573963f5
  languageName: node
  linkType: hard

"source-map-support@npm:^0.5.17":
  version: 0.5.19
  resolution: "source-map-support@npm:0.5.19"
  dependencies:
    buffer-from: ^1.0.0
    source-map: ^0.6.0
  checksum: 59d4efaae97755155b078413ecba63517e3ef054cc7ab767bbd30e6f3054be2ae8e8f5cce7eef53b7eb93e98fe27a58dd8f5e7abfb13144ba420ddaf5267bbb2
  languageName: node
  linkType: hard

"source-map@npm:^0.6.0":
  version: 0.6.1
  resolution: "source-map@npm:0.6.1"
  checksum: 8647829a0611724114022be455ca1c8a2c8ae61df81c5b3667d9b398207226a1e21174fb7bbf0b4dbeb27ac358222afb5a14f1c74a62a62b8883b012e5eb1270
  languageName: node
  linkType: hard

"ts-node@npm:^9.1.1":
  version: 9.1.1
  resolution: "ts-node@npm:9.1.1"
  dependencies:
    arg: ^4.1.0
    create-require: ^1.1.0
    diff: ^4.0.1
    make-error: ^1.1.1
    source-map-support: ^0.5.17
    yn: 3.1.1
  peerDependencies:
    typescript: ">=2.7"
  bin:
    ts-node: dist/bin.js
    ts-node-script: dist/bin-script.js
    ts-node-transpile-only: dist/bin-transpile.js
    ts-script: dist/bin-script-deprecated.js
  checksum: a90db4a342872cd0e7a80babdfcb15d2f7c06e700d735003098f7cc79db575c3380580c58a19ae0d0eaab553af083651d4237060c92170e6f8ac4e64693113ea
  languageName: node
  linkType: hard

typescript@^4.2.3:
  version: 4.2.3
  resolution: "typescript@npm:4.2.3"
  bin:
    tsc: bin/tsc
    tsserver: bin/tsserver
  checksum: 06e8470f317db6f5e2fce809b20eb84a67a7d8179057abff36e5427bd1b891bd08e54581ff81f0fa36aef9b6d1eb0f54eaf6e2643c6dbd4e37a0adcc41eed256
  languageName: node
  linkType: hard

"typescript@patch:typescript@^4.2.3#builtin<compat/typescript>":
  version: 4.2.3
  resolution: "typescript@patch:typescript@npm%3A4.2.3#builtin<compat/typescript>::version=4.2.3&hash=a45b0e"
  bin:
    tsc: bin/tsc
    tsserver: bin/tsserver
  checksum: a8956044aabf730699bcc3c2475efdd3f35e509329325cf60b4989761d4c2188e2c474183e2cf92b8c201fcf976814a5a16f144508b2a832643c4f972d0ab803
  languageName: node
  linkType: hard

"universal-user-agent@npm:^6.0.0":
  version: 6.0.0
  resolution: "universal-user-agent@npm:6.0.0"
  checksum: 725797ab636f1786a824f805eca2b227019ae8e82fdbe03e3e26a7f2917669bfcf7ef723c7d4b2c60a5e1603108d32bec3987b4f52821360523cb609fb7ae782
  languageName: node
  linkType: hard

"wrappy@npm:1":
  version: 1.0.2
  resolution: "wrappy@npm:1.0.2"
  checksum: 519fcda0fcdf0c16327be2de9d98646742307bc830277e8868529fcf7566f2b330a6453c233e0cdcb767d5838dd61a90984a02ecc983bcddebea5ad0833bbf98
  languageName: node
  linkType: hard

"yn@npm:3.1.1":
  version: 3.1.1
  resolution: "yn@npm:3.1.1"
  checksum: bff63b80568d80c711670935427494dde47cdf97e8b04196b140ce0af519c81c5ee857eddad0caa8b422dd65aea0157bbfaacbb1546bebba623f0f383d5d9ae5
  languageName: node
  linkType: hard
