# This file is generated by running "yarn install" inside your project.
# Manual changes might be lost - proceed with caution!

__metadata:
  version: 4

"github-actions-stats@workspace:.":
  version: 0.0.0-use.local
  resolution: "github-actions-stats@workspace:."
  languageName: unknown
  linkType: soft
